// !$*UTF8*$!
{
	archiveVersion = 1;
	classes = {
	};
	objectVersion = 46;
	objects = {

/* Begin PBXBuildFile section */
		2E9329021EF9033D00830AE7 /* main.m in Sources */ = {isa = PBXBuildFile; fileRef = 2E9329011EF9033D00830AE7 /* main.m */; };
		2E9329051EF9033D00830AE7 /* AppDelegate.m in Sources */ = {isa = PBXBuildFile; fileRef = 2E9329041EF9033D00830AE7 /* AppDelegate.m */; };
		2E9329081EF9033D00830AE7 /* ViewController.m in Sources */ = {isa = PBXBuildFile; fileRef = 2E9329071EF9033D00830AE7 /* ViewController.m */; };
		2E93290B1EF9033E00830AE7 /* Main.storyboard in Resources */ = {isa = PBXBuildFile; fileRef = 2E9329091EF9033E00830AE7 /* Main.storyboard */; };
		2E93290D1EF9033E00830AE7 /* Assets.xcassets in Resources */ = {isa = PBXBuildFile; fileRef = 2E93290C1EF9033E00830AE7 /* Assets.xcassets */; };
		2E9329101EF9033E00830AE7 /* LaunchScreen.storyboard in Resources */ = {isa = PBXBuildFile; fileRef = 2E93290E1EF9033E00830AE7 /* LaunchScreen.storyboard */; };
		2E93291B1EF9039400830AE7 /* HSFPwdView.m in Sources */ = {isa = PBXBuildFile; fileRef = 2E93291A1EF9039400830AE7 /* HSFPwdView.m */; };
		2E93291E1EF919B000830AE7 /* HSFKeyboard.m in Sources */ = {isa = PBXBuildFile; fileRef = 2E93291D1EF919B000830AE7 /* HSFKeyboard.m */; };
		3EBD6E14201030D9880FB4F1 /* libPods-PwdDemo.a in Frameworks */ = {isa = PBXBuildFile; fileRef = EEB3D8D5EC3A0C80105BF98F /* libPods-PwdDemo.a */; };
/* End PBXBuildFile section */

/* Begin PBXFileReference section */
		1902C0C135B4508079AF720A /* Pods-PwdDemo.debug.xcconfig */ = {isa = PBXFileReference; includeInIndex = 1; lastKnownFileType = text.xcconfig; name = "Pods-PwdDemo.debug.xcconfig"; path = "Pods/Target Support Files/Pods-PwdDemo/Pods-PwdDemo.debug.xcconfig"; sourceTree = "<group>"; };
		2E9328FD1EF9033D00830AE7 /* PwdDemo.app */ = {isa = PBXFileReference; explicitFileType = wrapper.application; includeInIndex = 0; path = PwdDemo.app; sourceTree = BUILT_PRODUCTS_DIR; };
		2E9329011EF9033D00830AE7 /* main.m */ = {isa = PBXFileReference; lastKnownFileType = sourcecode.c.objc; path = main.m; sourceTree = "<group>"; };
		2E9329031EF9033D00830AE7 /* AppDelegate.h */ = {isa = PBXFileReference; lastKnownFileType = sourcecode.c.h; path = AppDelegate.h; sourceTree = "<group>"; };
		2E9329041EF9033D00830AE7 /* AppDelegate.m */ = {isa = PBXFileReference; lastKnownFileType = sourcecode.c.objc; path = AppDelegate.m; sourceTree = "<group>"; };
		2E9329061EF9033D00830AE7 /* ViewController.h */ = {isa = PBXFileReference; lastKnownFileType = sourcecode.c.h; path = ViewController.h; sourceTree = "<group>"; };
		2E9329071EF9033D00830AE7 /* ViewController.m */ = {isa = PBXFileReference; lastKnownFileType = sourcecode.c.objc; path = ViewController.m; sourceTree = "<group>"; };
		2E93290A1EF9033E00830AE7 /* Base */ = {isa = PBXFileReference; lastKnownFileType = file.storyboard; name = Base; path = Base.lproj/Main.storyboard; sourceTree = "<group>"; };
		2E93290C1EF9033E00830AE7 /* Assets.xcassets */ = {isa = PBXFileReference; lastKnownFileType = folder.assetcatalog; path = Assets.xcassets; sourceTree = "<group>"; };
		2E93290F1EF9033E00830AE7 /* Base */ = {isa = PBXFileReference; lastKnownFileType = file.storyboard; name = Base; path = Base.lproj/LaunchScreen.storyboard; sourceTree = "<group>"; };
		2E9329111EF9033E00830AE7 /* Info.plist */ = {isa = PBXFileReference; lastKnownFileType = text.plist.xml; path = Info.plist; sourceTree = "<group>"; };
		2E9329191EF9039400830AE7 /* HSFPwdView.h */ = {isa = PBXFileReference; fileEncoding = 4; lastKnownFileType = sourcecode.c.h; path = HSFPwdView.h; sourceTree = "<group>"; };
		2E93291A1EF9039400830AE7 /* HSFPwdView.m */ = {isa = PBXFileReference; fileEncoding = 4; lastKnownFileType = sourcecode.c.objc; path = HSFPwdView.m; sourceTree = "<group>"; };
		2E93291C1EF919B000830AE7 /* HSFKeyboard.h */ = {isa = PBXFileReference; fileEncoding = 4; lastKnownFileType = sourcecode.c.h; path = HSFKeyboard.h; sourceTree = "<group>"; };
		2E93291D1EF919B000830AE7 /* HSFKeyboard.m */ = {isa = PBXFileReference; fileEncoding = 4; lastKnownFileType = sourcecode.c.objc; path = HSFKeyboard.m; sourceTree = "<group>"; };
		EE9C6DB2DC057292BBE8B4D5 /* Pods-PwdDemo.release.xcconfig */ = {isa = PBXFileReference; includeInIndex = 1; lastKnownFileType = text.xcconfig; name = "Pods-PwdDemo.release.xcconfig"; path = "Pods/Target Support Files/Pods-PwdDemo/Pods-PwdDemo.release.xcconfig"; sourceTree = "<group>"; };
		EEB3D8D5EC3A0C80105BF98F /* libPods-PwdDemo.a */ = {isa = PBXFileReference; explicitFileType = archive.ar; includeInIndex = 0; path = "libPods-PwdDemo.a"; sourceTree = BUILT_PRODUCTS_DIR; };
/* End PBXFileReference section */

/* Begin PBXFrameworksBuildPhase section */
		2E9328FA1EF9033D00830AE7 /* Frameworks */ = {
			isa = PBXFrameworksBuildPhase;
			buildActionMask = 2147483647;
			files = (
				3EBD6E14201030D9880FB4F1 /* libPods-PwdDemo.a in Frameworks */,
			);
			runOnlyForDeploymentPostprocessing = 0;
		};
/* End PBXFrameworksBuildPhase section */

/* Begin PBXGroup section */
		2E9328F41EF9033D00830AE7 = {
			isa = PBXGroup;
			children = (
				2E9328FF1EF9033D00830AE7 /* PwdDemo */,
				2E9328FE1EF9033D00830AE7 /* Products */,
				EC6FBC066C8FF971016B0C84 /* Pods */,
				D5803D4672BEDD77DEE0C089 /* Frameworks */,
			);
			sourceTree = "<group>";
		};
		2E9328FE1EF9033D00830AE7 /* Products */ = {
			isa = PBXGroup;
			children = (
				2E9328FD1EF9033D00830AE7 /* PwdDemo.app */,
			);
			name = Products;
			sourceTree = "<group>";
		};
		2E9328FF1EF9033D00830AE7 /* PwdDemo */ = {
			isa = PBXGroup;
			children = (
				2E9329181EF9038500830AE7 /* HSFPwdView */,
				2E9329031EF9033D00830AE7 /* AppDelegate.h */,
				2E9329041EF9033D00830AE7 /* AppDelegate.m */,
				2E9329061EF9033D00830AE7 /* ViewController.h */,
				2E9329071EF9033D00830AE7 /* ViewController.m */,
				2E9329091EF9033E00830AE7 /* Main.storyboard */,
				2E93290C1EF9033E00830AE7 /* Assets.xcassets */,
				2E93290E1EF9033E00830AE7 /* LaunchScreen.storyboard */,
				2E9329111EF9033E00830AE7 /* Info.plist */,
				2E9329001EF9033D00830AE7 /* Supporting Files */,
			);
			path = PwdDemo;
			sourceTree = "<group>";
		};
		2E9329001EF9033D00830AE7 /* Supporting Files */ = {
			isa = PBXGroup;
			children = (
				2E9329011EF9033D00830AE7 /* main.m */,
			);
			name = "Supporting Files";
			sourceTree = "<group>";
		};
		2E9329181EF9038500830AE7 /* HSFPwdView */ = {
			isa = PBXGroup;
			children = (
				2E9329191EF9039400830AE7 /* HSFPwdView.h */,
				2E93291A1EF9039400830AE7 /* HSFPwdView.m */,
				2E93291C1EF919B000830AE7 /* HSFKeyboard.h */,
				2E93291D1EF919B000830AE7 /* HSFKeyboard.m */,
			);
			path = HSFPwdView;
			sourceTree = "<group>";
		};
		D5803D4672BEDD77DEE0C089 /* Frameworks */ = {
			isa = PBXGroup;
			children = (
				EEB3D8D5EC3A0C80105BF98F /* libPods-PwdDemo.a */,
			);
			name = Frameworks;
			sourceTree = "<group>";
		};
		EC6FBC066C8FF971016B0C84 /* Pods */ = {
			isa = PBXGroup;
			children = (
				1902C0C135B4508079AF720A /* Pods-PwdDemo.debug.xcconfig */,
				EE9C6DB2DC057292BBE8B4D5 /* Pods-PwdDemo.release.xcconfig */,
			);
			name = Pods;
			sourceTree = "<group>";
		};
/* End PBXGroup section */

/* Begin PBXNativeTarget section */
		2E9328FC1EF9033D00830AE7 /* PwdDemo */ = {
			isa = PBXNativeTarget;
			buildConfigurationList = 2E9329141EF9033E00830AE7 /* Build configuration list for PBXNativeTarget "PwdDemo" */;
			buildPhases = (
				6C00D96B0669A5596AF85B1A /* [CP] Check Pods Manifest.lock */,
				2E9328F91EF9033D00830AE7 /* Sources */,
				2E9328FA1EF9033D00830AE7 /* Frameworks */,
				2E9328FB1EF9033D00830AE7 /* Resources */,
				CC3E9D566DDB11EA9DE5DB33 /* [CP] Embed Pods Frameworks */,
				0E278A277BD8A1C9E39544E1 /* [CP] Copy Pods Resources */,
			);
			buildRules = (
			);
			dependencies = (
			);
			name = PwdDemo;
			productName = PwdDemo;
			productReference = 2E9328FD1EF9033D00830AE7 /* PwdDemo.app */;
			productType = "com.apple.product-type.application";
		};
/* End PBXNativeTarget section */

/* Begin PBXProject section */
		2E9328F51EF9033D00830AE7 /* Project object */ = {
			isa = PBXProject;
			attributes = {
				LastUpgradeCheck = 0820;
				ORGANIZATIONNAME = JuZhenBaoiMac;
				TargetAttributes = {
					2E9328FC1EF9033D00830AE7 = {
						CreatedOnToolsVersion = 8.2.1;
						DevelopmentTeam = 2K2XTQPEQM;
						ProvisioningStyle = Automatic;
					};
				};
			};
			buildConfigurationList = 2E9328F81EF9033D00830AE7 /* Build configuration list for PBXProject "PwdDemo" */;
			compatibilityVersion = "Xcode 3.2";
			developmentRegion = English;
			hasScannedForEncodings = 0;
			knownRegions = (
				en,
				Base,
			);
			mainGroup = 2E9328F41EF9033D00830AE7;
			productRefGroup = 2E9328FE1EF9033D00830AE7 /* Products */;
			projectDirPath = "";
			projectRoot = "";
			targets = (
				2E9328FC1EF9033D00830AE7 /* PwdDemo */,
			);
		};
/* End PBXProject section */

/* Begin PBXResourcesBuildPhase section */
		2E9328FB1EF9033D00830AE7 /* Resources */ = {
			isa = PBXResourcesBuildPhase;
			buildActionMask = 2147483647;
			files = (
				2E9329101EF9033E00830AE7 /* LaunchScreen.storyboard in Resources */,
				2E93290D1EF9033E00830AE7 /* Assets.xcassets in Resources */,
				2E93290B1EF9033E00830AE7 /* Main.storyboard in Resources */,
			);
			runOnlyForDeploymentPostprocessing = 0;
		};
/* End PBXResourcesBuildPhase section */

/* Begin PBXShellScriptBuildPhase section */
		0E278A277BD8A1C9E39544E1 /* [CP] Copy Pods Resources */ = {
			isa = PBXShellScriptBuildPhase;
			buildActionMask = 2147483647;
			files = (
			);
			inputPaths = (
			);
			name = "[CP] Copy Pods Resources";
			outputPaths = (
			);
			runOnlyForDeploymentPostprocessing = 0;
			shellPath = /bin/sh;
			shellScript = "\"${SRCROOT}/Pods/Target Support Files/Pods-PwdDemo/Pods-PwdDemo-resources.sh\"\n";
			showEnvVarsInLog = 0;
		};
		6C00D96B0669A5596AF85B1A /* [CP] Check Pods Manifest.lock */ = {
			isa = PBXShellScriptBuildPhase;
			buildActionMask = 2147483647;
			files = (
			);
			inputPaths = (
			);
			name = "[CP] Check Pods Manifest.lock";
			outputPaths = (
			);
			runOnlyForDeploymentPostprocessing = 0;
			shellPath = /bin/sh;
			shellScript = "diff \"${PODS_ROOT}/../Podfile.lock\" \"${PODS_ROOT}/Manifest.lock\" > /dev/null\nif [ $? != 0 ] ; then\n    # print error to STDERR\n    echo \"error: The sandbox is not in sync with the Podfile.lock. Run 'pod install' or update your CocoaPods installation.\" >&2\n    exit 1\nfi\n";
			showEnvVarsInLog = 0;
		};
		CC3E9D566DDB11EA9DE5DB33 /* [CP] Embed Pods Frameworks */ = {
			isa = PBXShellScriptBuildPhase;
			buildActionMask = 2147483647;
			files = (
			);
			inputPaths = (
			);
			name = "[CP] Embed Pods Frameworks";
			outputPaths = (
			);
			runOnlyForDeploymentPostprocessing = 0;
			shellPath = /bin/sh;
			shellScript = "\"${SRCROOT}/Pods/Target Support Files/Pods-PwdDemo/Pods-PwdDemo-frameworks.sh\"\n";
			showEnvVarsInLog = 0;
		};
/* End PBXShellScriptBuildPhase section */

/* Begin PBXSourcesBuildPhase section */
		2E9328F91EF9033D00830AE7 /* Sources */ = {
			isa = PBXSourcesBuildPhase;
			buildActionMask = 2147483647;
			files = (
				2E9329081EF9033D00830AE7 /* ViewController.m in Sources */,
				2E9329051EF9033D00830AE7 /* AppDelegate.m in Sources */,
				2E93291B1EF9039400830AE7 /* HSFPwdView.m in Sources */,
				2E9329021EF9033D00830AE7 /* main.m in Sources */,
				2E93291E1EF919B000830AE7 /* HSFKeyboard.m in Sources */,
			);
			runOnlyForDeploymentPostprocessing = 0;
		};
/* End PBXSourcesBuildPhase section */

/* Begin PBXVariantGroup section */
		2E9329091EF9033E00830AE7 /* Main.storyboard */ = {
			isa = PBXVariantGroup;
			children = (
				2E93290A1EF9033E00830AE7 /* Base */,
			);
			name = Main.storyboard;
			sourceTree = "<group>";
		};
		2E93290E1EF9033E00830AE7 /* LaunchScreen.storyboard */ = {
			isa = PBXVariantGroup;
			children = (
				2E93290F1EF9033E00830AE7 /* Base */,
			);
			name = LaunchScreen.storyboard;
			sourceTree = "<group>";
		};
/* End PBXVariantGroup section */

/* Begin XCBuildConfiguration section */
		2E9329121EF9033E00830AE7 /* Debug */ = {
			isa = XCBuildConfiguration;
			buildSettings = {
				ALWAYS_SEARCH_USER_PATHS = NO;
				CLANG_ANALYZER_NONNULL = YES;
				CLANG_CXX_LANGUAGE_STANDARD = "gnu++0x";
				CLANG_CXX_LIBRARY = "libc++";
				CLANG_ENABLE_MODULES = YES;
				CLANG_ENABLE_OBJC_ARC = YES;
				CLANG_WARN_BOOL_CONVERSION = YES;
				CLANG_WARN_CONSTANT_CONVERSION = YES;
				CLANG_WARN_DIRECT_OBJC_ISA_USAGE = YES_ERROR;
				CLANG_WARN_DOCUMENTATION_COMMENTS = YES;
				CLANG_WARN_EMPTY_BODY = YES;
				CLANG_WARN_ENUM_CONVERSION = YES;
				CLANG_WARN_INFINITE_RECURSION = YES;
				CLANG_WARN_INT_CONVERSION = YES;
				CLANG_WARN_OBJC_ROOT_CLASS = YES_ERROR;
				CLANG_WARN_SUSPICIOUS_MOVE = YES;
				CLANG_WARN_UNREACHABLE_CODE = YES;
				CLANG_WARN__DUPLICATE_METHOD_MATCH = YES;
				"CODE_SIGN_IDENTITY[sdk=iphoneos*]" = "iPhone Developer";
				COPY_PHASE_STRIP = NO;
				DEBUG_INFORMATION_FORMAT = dwarf;
				ENABLE_STRICT_OBJC_MSGSEND = YES;
				ENABLE_TESTABILITY = YES;
				GCC_C_LANGUAGE_STANDARD = gnu99;
				GCC_DYNAMIC_NO_PIC = NO;
				GCC_NO_COMMON_BLOCKS = YES;
				GCC_OPTIMIZATION_LEVEL = 0;
				GCC_PREPROCESSOR_DEFINITIONS = (
					"DEBUG=1",
					"$(inherited)",
				);
				GCC_WARN_64_TO_32_BIT_CONVERSION = YES;
				GCC_WARN_ABOUT_RETURN_TYPE = YES_ERROR;
				GCC_WARN_UNDECLARED_SELECTOR = YES;
				GCC_WARN_UNINITIALIZED_AUTOS = YES_AGGRESSIVE;
				GCC_WARN_UNUSED_FUNCTION = YES;
				GCC_WARN_UNUSED_VARIABLE = YES;
				IPHONEOS_DEPLOYMENT_TARGET = 10.2;
				MTL_ENABLE_DEBUG_INFO = YES;
				ONLY_ACTIVE_ARCH = YES;
				SDKROOT = iphoneos;
			};
			name = Debug;
		};
		2E9329131EF9033E00830AE7 /* Release */ = {
			isa = XCBuildConfiguration;
			buildSettings = {
				ALWAYS_SEARCH_USER_PATHS = NO;
				CLANG_ANALYZER_NONNULL = YES;
				CLANG_CXX_LANGUAGE_STANDARD = "gnu++0x";
				CLANG_CXX_LIBRARY = "libc++";
				CLANG_ENABLE_MODULES = YES;
				CLANG_ENABLE_OBJC_ARC = YES;
				CLANG_WARN_BOOL_CONVERSION = YES;
				CLANG_WARN_CONSTANT_CONVERSION = YES;
				CLANG_WARN_DIRECT_OBJC_ISA_USAGE = YES_ERROR;
				CLANG_WARN_DOCUMENTATION_COMMENTS = YES;
				CLANG_WARN_EMPTY_BODY = YES;
				CLANG_WARN_ENUM_CONVERSION = YES;
				CLANG_WARN_INFINITE_RECURSION = YES;
				CLANG_WARN_INT_CONVERSION = YES;
				CLANG_WARN_OBJC_ROOT_CLASS = YES_ERROR;
				CLANG_WARN_SUSPICIOUS_MOVE = YES;
				CLANG_WARN_UNREACHABLE_CODE = YES;
				CLANG_WARN__DUPLICATE_METHOD_MATCH = YES;
				"CODE_SIGN_IDENTITY[sdk=iphoneos*]" = "iPhone Developer";
				COPY_PHASE_STRIP = NO;
				DEBUG_INFORMATION_FORMAT = "dwarf-with-dsym";
				ENABLE_NS_ASSERTIONS = NO;
				ENABLE_STRICT_OBJC_MSGSEND = YES;
				GCC_C_LANGUAGE_STANDARD = gnu99;
				GCC_NO_COMMON_BLOCKS = YES;
				GCC_WARN_64_TO_32_BIT_CONVERSION = YES;
				GCC_WARN_ABOUT_RETURN_TYPE = YES_ERROR;
				GCC_WARN_UNDECLARED_SELECTOR = YES;
				GCC_WARN_UNINITIALIZED_AUTOS = YES_AGGRESSIVE;
				GCC_WARN_UNUSED_FUNCTION = YES;
				GCC_WARN_UNUSED_VARIABLE = YES;
				IPHONEOS_DEPLOYMENT_TARGET = 10.2;
				MTL_ENABLE_DEBUG_INFO = NO;
				SDKROOT = iphoneos;
				VALIDATE_PRODUCT = YES;
			};
			name = Release;
		};
		2E9329151EF9033E00830AE7 /* Debug */ = {
			isa = XCBuildConfiguration;
			baseConfigurationReference = 1902C0C135B4508079AF720A /* Pods-PwdDemo.debug.xcconfig */;
			buildSettings = {
				ASSETCATALOG_COMPILER_APPICON_NAME = AppIcon;
				DEVELOPMENT_TEAM = 2K2XTQPEQM;
				INFOPLIST_FILE = PwdDemo/Info.plist;
				LD_RUNPATH_SEARCH_PATHS = "$(inherited) @executable_path/Frameworks";
				PRODUCT_BUNDLE_IDENTIFIER = juZhenbao.PwdDemo;
				PRODUCT_NAME = "$(TARGET_NAME)";
			};
			name = Debug;
		};
		2E9329161EF9033E00830AE7 /* Release */ = {
			isa = XCBuildConfiguration;
			baseConfigurationReference = EE9C6DB2DC057292BBE8B4D5 /* Pods-PwdDemo.release.xcconfig */;
			buildSettings = {
				ASSETCATALOG_COMPILER_APPICON_NAME = AppIcon;
				DEVELOPMENT_TEAM = 2K2XTQPEQM;
				INFOPLIST_FILE = PwdDemo/Info.plist;
				LD_RUNPATH_SEARCH_PATHS = "$(inherited) @executable_path/Frameworks";
				PRODUCT_BUNDLE_IDENTIFIER = juZhenbao.PwdDemo;
				PRODUCT_NAME = "$(TARGET_NAME)";
			};
			name = Release;
		};
/* End XCBuildConfiguration section */

/* Begin XCConfigurationList section */
		2E9328F81EF9033D00830AE7 /* Build configuration list for PBXProject "PwdDemo" */ = {
			isa = XCConfigurationList;
			buildConfigurations = (
				2E9329121EF9033E00830AE7 /* Debug */,
				2E9329131EF9033E00830AE7 /* Release */,
			);
			defaultConfigurationIsVisible = 0;
			defaultConfigurationName = Release;
		};
		2E9329141EF9033E00830AE7 /* Build configuration list for PBXNativeTarget "PwdDemo" */ = {
			isa = XCConfigurationList;
			buildConfigurations = (
				2E9329151EF9033E00830AE7 /* Debug */,
				2E9329161EF9033E00830AE7 /* Release */,
			);
			defaultConfigurationIsVisible = 0;
			defaultConfigurationName = Release;
		};
/* End XCConfigurationList section */
	};
	rootObject = 2E9328F51EF9033D00830AE7 /* Project object */;
}
